
Microsoft Visual Studio Solution File, Format Version 12.00
# Visual Studio Version 17
VisualStudioVersion = 17.0.31903.59
MinimumVisualStudioVersion = 10.0.40219.1
Project("{FAE04EC0-301F-11D3-BF4B-00C04F79EFBC}") = "PrimeService", "PrimeService\PrimeService.csproj", "{3A283C43-50CC-4661-8C90-DA81DDA132BF}"
EndProject
Project("{FAE04EC0-301F-11D3-BF4B-00C04F79EFBC}") = "PrimeService.Tests", "PrimeService.Tests\PrimeService.Tests.csproj", "{8692B640-DB8B-439D-9BA6-4FD8F5ED208E}"
EndProject
Global
	GlobalSection(SolutionConfigurationPlatforms) = preSolution
		Debug|Any CPU = Debug|Any CPU
		Release|Any CPU = Release|Any CPU
	EndGlobalSection
	GlobalSection(SolutionProperties) = preSolution
		HideSolutionNode = FALSE
	EndGlobalSection
	GlobalSection(ProjectConfigurationPlatforms) = postSolution
		{3A283C43-50CC-4661-8C90-DA81DDA132BF}.Debug|Any CPU.ActiveCfg = Debug|Any CPU
		{3A283C43-50CC-4661-8C90-DA81DDA132BF}.Debug|Any CPU.Build.0 = Debug|Any CPU
		{3A283C43-50CC-4661-8C90-DA81DDA132BF}.Release|Any CPU.ActiveCfg = Release|Any CPU
		{3A283C43-50CC-4661-8C90-DA81DDA132BF}.Release|Any CPU.Build.0 = Release|Any CPU
		{8692B640-DB8B-439D-9BA6-4FD8F5ED208E}.Debug|Any CPU.ActiveCfg = Debug|Any CPU
		{8692B640-DB8B-439D-9BA6-4FD8F5ED208E}.Debug|Any CPU.Build.0 = Debug|Any CPU
		{8692B640-DB8B-439D-9BA6-4FD8F5ED208E}.Release|Any CPU.ActiveCfg = Release|Any CPU
		{8692B640-DB8B-439D-9BA6-4FD8F5ED208E}.Release|Any CPU.Build.0 = Release|Any CPU
	EndGlobalSection
EndGlobal
